
Microsoft Visual Studio Solution File, Format Version 12.00
# Visual Studio Version 17
VisualStudioVersion = 17.14.36202.13 d17.14
MinimumVisualStudioVersion = 10.0.40219.1
Project("{FAE04EC0-301F-11D3-BF4B-00C04F79EFBC}") = "lab2", "lab2\lab2.csproj", "{32FB0859-7F34-47B7-90BA-C236414DD4FD}"
EndProject
Global
	GlobalSection(SolutionConfigurationPlatforms) = preSolution
		Debug|Any CPU = Debug|Any CPU
		Release|Any CPU = Release|Any CPU
	EndGlobalSection
	GlobalSection(ProjectConfigurationPlatforms) = postSolution
		{32FB0859-7F34-47B7-90BA-C236414DD4FD}.Debug|Any CPU.ActiveCfg = Debug|Any CPU
		{32FB0859-7F34-47B7-90BA-C236414DD4FD}.Debug|Any CPU.Build.0 = Debug|Any CPU
		{32FB0859-7F34-47B7-90BA-C236414DD4FD}.Release|Any CPU.ActiveCfg = Release|Any CPU
		{32FB0859-7F34-47B7-90BA-C236414DD4FD}.Release|Any CPU.Build.0 = Release|Any CPU
	EndGlobalSection
	GlobalSection(SolutionProperties) = preSolution
		HideSolutionNode = FALSE
	EndGlobalSection
	GlobalSection(ExtensibilityGlobals) = postSolution
		SolutionGuid = {B0B8DCFC-99C7-4E09-8D5B-33E5A161B146}
	EndGlobalSection
EndGlobal
